
Microsoft Visual Studio Solution File, Format Version 12.00
# Visual Studio Version 16
VisualStudioVersion = 16.0.31613.86
MinimumVisualStudioVersion = 10.0.40219.1
Project("{9A19103F-16F7-4668-BE54-9A1E7A4F7556}") = "BitArr", "BitArr.csproj", "{11F7638C-EA0F-4AA6-8581-3349357FBBBF}"
EndProject
Global
	GlobalSection(SolutionConfigurationPlatforms) = preSolution
		Debug|Any CPU = Debug|Any CPU
		Release|Any CPU = Release|Any CPU
	EndGlobalSection
	GlobalSection(ProjectConfigurationPlatforms) = postSolution
		{11F7638C-EA0F-4AA6-8581-3349357FBBBF}.Debug|Any CPU.ActiveCfg = Debug|Any CPU
		{11F7638C-EA0F-4AA6-8581-3349357FBBBF}.Debug|Any CPU.Build.0 = Debug|Any CPU
		{11F7638C-EA0F-4AA6-8581-3349357FBBBF}.Release|Any CPU.ActiveCfg = Release|Any CPU
		{11F7638C-EA0F-4AA6-8581-3349357FBBBF}.Release|Any CPU.Build.0 = Release|Any CPU
	EndGlobalSection
	GlobalSection(SolutionProperties) = preSolution
		HideSolutionNode = FALSE
	EndGlobalSection
	GlobalSection(ExtensibilityGlobals) = postSolution
		SolutionGuid = {46B0E877-C104-4C49-A33C-AF74571C85DA}
	EndGlobalSection
EndGlobal
